
Microsoft Visual Studio Solution File, Format Version 12.00
# Visual Studio Version 16
VisualStudioVersion = 16.0.29613.14
MinimumVisualStudioVersion = 10.0.40219.1
Project("{8BC9CEB8-8B4A-11D0-8D11-00A0C91BC942}") = "CanvasDraw", "CanvasDraw\CanvasDraw.vcxproj", "{676B1E77-57AA-473E-A46A-409DDE509682}"
EndProject
Global
	GlobalSection(SolutionConfigurationPlatforms) = preSolution
		Debug|x64 = Debug|x64
		Debug|x86 = Debug|x86
		Release|x64 = Release|x64
		Release|x86 = Release|x86
	EndGlobalSection
	GlobalSection(ProjectConfigurationPlatforms) = postSolution
		{676B1E77-57AA-473E-A46A-409DDE509682}.Debug|x64.ActiveCfg = Debug|x64
		{676B1E77-57AA-473E-A46A-409DDE509682}.Debug|x64.Build.0 = Debug|x64
		{676B1E77-57AA-473E-A46A-409DDE509682}.Debug|x86.ActiveCfg = Debug|Win32
		{676B1E77-57AA-473E-A46A-409DDE509682}.Debug|x86.Build.0 = Debug|Win32
		{676B1E77-57AA-473E-A46A-409DDE509682}.Release|x64.ActiveCfg = Release|x64
		{676B1E77-57AA-473E-A46A-409DDE509682}.Release|x64.Build.0 = Release|x64
		{676B1E77-57AA-473E-A46A-409DDE509682}.Release|x86.ActiveCfg = Release|Win32
		{676B1E77-57AA-473E-A46A-409DDE509682}.Release|x86.Build.0 = Release|Win32
	EndGlobalSection
	GlobalSection(SolutionProperties) = preSolution
		HideSolutionNode = FALSE
	EndGlobalSection
	GlobalSection(ExtensibilityGlobals) = postSolution
		SolutionGuid = {E655E219-D8AD-46D9-9B2F-465C6284282F}
	EndGlobalSection
EndGlobal
